
Microsoft Visual Studio Solution File, Format Version 12.00
# Visual Studio Version 17
VisualStudioVersion = 17.7.34009.444
MinimumVisualStudioVersion = 10.0.40219.1
Project("{FAE04EC0-301F-11D3-BF4B-00C04F79EFBC}") = "AppDevNotes", "AppDevNotes\AppDevNotes.csproj", "{2D242E18-2E56-4E76-BA5C-DB84EAB267C8}"
EndProject
Global
	GlobalSection(SolutionConfigurationPlatforms) = preSolution
		Debug|Any CPU = Debug|Any CPU
		Release|Any CPU = Release|Any CPU
	EndGlobalSection
	GlobalSection(ProjectConfigurationPlatforms) = postSolution
		{2D242E18-2E56-4E76-BA5C-DB84EAB267C8}.Debug|Any CPU.ActiveCfg = Debug|Any CPU
		{2D242E18-2E56-4E76-BA5C-DB84EAB267C8}.Debug|Any CPU.Build.0 = Debug|Any CPU
		{2D242E18-2E56-4E76-BA5C-DB84EAB267C8}.Release|Any CPU.ActiveCfg = Release|Any CPU
		{2D242E18-2E56-4E76-BA5C-DB84EAB267C8}.Release|Any CPU.Build.0 = Release|Any CPU
	EndGlobalSection
	GlobalSection(SolutionProperties) = preSolution
		HideSolutionNode = FALSE
	EndGlobalSection
	GlobalSection(ExtensibilityGlobals) = postSolution
		SolutionGuid = {4B32A00B-FF24-4891-8727-B2A35E76B5E0}
	EndGlobalSection
EndGlobal
